PODS:
  - CircularStatesView (1.0)

DEPENDENCIES:
  - CircularStatesView (from `../`)

EXTERNAL SOURCES:
  CircularStatesView:
    :path: ../

SPEC CHECKSUMS:
  CircularStatesView: 5c11b049f15d7b5b30a28e2fc13bc36eec6b84b8

PODFILE CHECKSUM: 93d2070cd6883834cb915e1534a6b9110919712a

COCOAPODS: 1.0.0.rc.2
