// !$*UTF8*$!
{
	archiveVersion = 1;
	classes = {
	};
	objectVersion = 46;
	objects = {

/* Begin PBXBuildFile section */
		110B1B7DED0F91DBEE5650E2 /* Pods_CircularStatesView_Example.framework in Frameworks */ = {isa = PBXBuildFile; fileRef = 6D1C09AF75EC3606CEEAC1FD /* Pods_CircularStatesView_Example.framework */; };
		797369E61CDBE1C200827973 /* AppDelegate.swift in Sources */ = {isa = PBXBuildFile; fileRef = 797369E51CDBE1C200827973 /* AppDelegate.swift */; };
		797369E81CDBE1C200827973 /* ViewController.swift in Sources */ = {isa = PBXBuildFile; fileRef = 797369E71CDBE1C200827973 /* ViewController.swift */; };
		797369EB1CDBE1C200827973 /* Main.storyboard in Resources */ = {isa = PBXBuildFile; fileRef = 797369E91CDBE1C200827973 /* Main.storyboard */; };
		797369ED1CDBE1C200827973 /* Assets.xcassets in Resources */ = {isa = PBXBuildFile; fileRef = 797369EC1CDBE1C200827973 /* Assets.xcassets */; };
		797369F01CDBE1C200827973 /* LaunchScreen.storyboard in Resources */ = {isa = PBXBuildFile; fileRef = 797369EE1CDBE1C200827973 /* LaunchScreen.storyboard */; };
/* End PBXBuildFile section */

/* Begin PBXFileReference section */
		4916246C78103DE53248A52C /* Pods-CircularStatesView-Example.debug.xcconfig */ = {isa = PBXFileReference; includeInIndex = 1; lastKnownFileType = text.xcconfig; name = "Pods-CircularStatesView-Example.debug.xcconfig"; path = "Pods/Target Support Files/Pods-CircularStatesView-Example/Pods-CircularStatesView-Example.debug.xcconfig"; sourceTree = "<group>"; };
		6D1C09AF75EC3606CEEAC1FD /* Pods_CircularStatesView_Example.framework */ = {isa = PBXFileReference; explicitFileType = wrapper.framework; includeInIndex = 0; path = Pods_CircularStatesView_Example.framework; sourceTree = BUILT_PRODUCTS_DIR; };
		797369E21CDBE1C200827973 /* CircularStatesView-Example.app */ = {isa = PBXFileReference; explicitFileType = wrapper.application; includeInIndex = 0; path = "CircularStatesView-Example.app"; sourceTree = BUILT_PRODUCTS_DIR; };
		797369E51CDBE1C200827973 /* AppDelegate.swift */ = {isa = PBXFileReference; lastKnownFileType = sourcecode.swift; path = AppDelegate.swift; sourceTree = "<group>"; };
		797369E71CDBE1C200827973 /* ViewController.swift */ = {isa = PBXFileReference; lastKnownFileType = sourcecode.swift; path = ViewController.swift; sourceTree = "<group>"; };
		797369EA1CDBE1C200827973 /* Base */ = {isa = PBXFileReference; lastKnownFileType = file.storyboard; name = Base; path = Base.lproj/Main.storyboard; sourceTree = "<group>"; };
		797369EC1CDBE1C200827973 /* Assets.xcassets */ = {isa = PBXFileReference; lastKnownFileType = folder.assetcatalog; path = Assets.xcassets; sourceTree = "<group>"; };
		797369EF1CDBE1C200827973 /* Base */ = {isa = PBXFileReference; lastKnownFileType = file.storyboard; name = Base; path = Base.lproj/LaunchScreen.storyboard; sourceTree = "<group>"; };
		797369F11CDBE1C200827973 /* Info.plist */ = {isa = PBXFileReference; lastKnownFileType = text.plist.xml; path = Info.plist; sourceTree = "<group>"; };
		E35D75EAE8A594FF9510D420 /* Pods-CircularStatesView-Example.release.xcconfig */ = {isa = PBXFileReference; includeInIndex = 1; lastKnownFileType = text.xcconfig; name = "Pods-CircularStatesView-Example.release.xcconfig"; path = "Pods/Target Support Files/Pods-CircularStatesView-Example/Pods-CircularStatesView-Example.release.xcconfig"; sourceTree = "<group>"; };
/* End PBXFileReference section */

/* Begin PBXFrameworksBuildPhase section */
		797369DF1CDBE1C200827973 /* Frameworks */ = {
			isa = PBXFrameworksBuildPhase;
			buildActionMask = 2147483647;
			files = (
				110B1B7DED0F91DBEE5650E2 /* Pods_CircularStatesView_Example.framework in Frameworks */,
			);
			runOnlyForDeploymentPostprocessing = 0;
		};
/* End PBXFrameworksBuildPhase section */

/* Begin PBXGroup section */
		001F1632C83003AA1A2677D4 /* Frameworks */ = {
			isa = PBXGroup;
			children = (
				6D1C09AF75EC3606CEEAC1FD /* Pods_CircularStatesView_Example.framework */,
			);
			name = Frameworks;
			sourceTree = "<group>";
		};
		769871B2685639E094C61F7E /* Pods */ = {
			isa = PBXGroup;
			children = (
				4916246C78103DE53248A52C /* Pods-CircularStatesView-Example.debug.xcconfig */,
				E35D75EAE8A594FF9510D420 /* Pods-CircularStatesView-Example.release.xcconfig */,
			);
			name = Pods;
			sourceTree = "<group>";
		};
		797369D91CDBE1C200827973 = {
			isa = PBXGroup;
			children = (
				797369E41CDBE1C200827973 /* CircularStatesView-Example */,
				797369E31CDBE1C200827973 /* Products */,
				769871B2685639E094C61F7E /* Pods */,
				001F1632C83003AA1A2677D4 /* Frameworks */,
			);
			sourceTree = "<group>";
		};
		797369E31CDBE1C200827973 /* Products */ = {
			isa = PBXGroup;
			children = (
				797369E21CDBE1C200827973 /* CircularStatesView-Example.app */,
			);
			name = Products;
			sourceTree = "<group>";
		};
		797369E41CDBE1C200827973 /* CircularStatesView-Example */ = {
			isa = PBXGroup;
			children = (
				797369FE1CDBE2E000827973 /* Classes */,
				79736A001CDBE30100827973 /* Storyboards */,
				797369FF1CDBE2EC00827973 /* Resources */,
			);
			path = "CircularStatesView-Example";
			sourceTree = "<group>";
		};
		797369FE1CDBE2E000827973 /* Classes */ = {
			isa = PBXGroup;
			children = (
				797369E51CDBE1C200827973 /* AppDelegate.swift */,
				797369E71CDBE1C200827973 /* ViewController.swift */,
			);
			name = Classes;
			sourceTree = "<group>";
		};
		797369FF1CDBE2EC00827973 /* Resources */ = {
			isa = PBXGroup;
			children = (
				797369EC1CDBE1C200827973 /* Assets.xcassets */,
				797369EE1CDBE1C200827973 /* LaunchScreen.storyboard */,
				797369F11CDBE1C200827973 /* Info.plist */,
			);
			name = Resources;
			sourceTree = "<group>";
		};
		79736A001CDBE30100827973 /* Storyboards */ = {
			isa = PBXGroup;
			children = (
				797369E91CDBE1C200827973 /* Main.storyboard */,
			);
			name = Storyboards;
			sourceTree = "<group>";
		};
/* End PBXGroup section */

/* Begin PBXNativeTarget section */
		797369E11CDBE1C200827973 /* CircularStatesView-Example */ = {
			isa = PBXNativeTarget;
			buildConfigurationList = 797369F41CDBE1C200827973 /* Build configuration list for PBXNativeTarget "CircularStatesView-Example" */;
			buildPhases = (
				6CCDEC4A1B965E21654BE1C5 /* 📦 Check Pods Manifest.lock */,
				797369DE1CDBE1C200827973 /* Sources */,
				797369DF1CDBE1C200827973 /* Frameworks */,
				797369E01CDBE1C200827973 /* Resources */,
				5F92336847104E668D45DE5B /* 📦 Embed Pods Frameworks */,
				854DF1542B991430A4EF6AE0 /* 📦 Copy Pods Resources */,
			);
			buildRules = (
			);
			dependencies = (
			);
			name = "CircularStatesView-Example";
			productName = "CircularStatesView-Example";
			productReference = 797369E21CDBE1C200827973 /* CircularStatesView-Example.app */;
			productType = "com.apple.product-type.application";
		};
/* End PBXNativeTarget section */

/* Begin PBXProject section */
		797369DA1CDBE1C200827973 /* Project object */ = {
			isa = PBXProject;
			attributes = {
				LastSwiftUpdateCheck = 0730;
				LastUpgradeCheck = 0730;
				ORGANIZATIONNAME = "Or Elmaliah";
				TargetAttributes = {
					797369E11CDBE1C200827973 = {
						CreatedOnToolsVersion = 7.3;
					};
				};
			};
			buildConfigurationList = 797369DD1CDBE1C200827973 /* Build configuration list for PBXProject "CircularStatesView-Example" */;
			compatibilityVersion = "Xcode 3.2";
			developmentRegion = English;
			hasScannedForEncodings = 0;
			knownRegions = (
				en,
				Base,
			);
			mainGroup = 797369D91CDBE1C200827973;
			productRefGroup = 797369E31CDBE1C200827973 /* Products */;
			projectDirPath = "";
			projectRoot = "";
			targets = (
				797369E11CDBE1C200827973 /* CircularStatesView-Example */,
			);
		};
/* End PBXProject section */

/* Begin PBXResourcesBuildPhase section */
		797369E01CDBE1C200827973 /* Resources */ = {
			isa = PBXResourcesBuildPhase;
			buildActionMask = 2147483647;
			files = (
				797369F01CDBE1C200827973 /* LaunchScreen.storyboard in Resources */,
				797369ED1CDBE1C200827973 /* Assets.xcassets in Resources */,
				797369EB1CDBE1C200827973 /* Main.storyboard in Resources */,
			);
			runOnlyForDeploymentPostprocessing = 0;
		};
/* End PBXResourcesBuildPhase section */

/* Begin PBXShellScriptBuildPhase section */
		5F92336847104E668D45DE5B /* 📦 Embed Pods Frameworks */ = {
			isa = PBXShellScriptBuildPhase;
			buildActionMask = 2147483647;
			files = (
			);
			inputPaths = (
			);
			name = "📦 Embed Pods Frameworks";
			outputPaths = (
			);
			runOnlyForDeploymentPostprocessing = 0;
			shellPath = /bin/sh;
			shellScript = "\"${SRCROOT}/Pods/Target Support Files/Pods-CircularStatesView-Example/Pods-CircularStatesView-Example-frameworks.sh\"\n";
			showEnvVarsInLog = 0;
		};
		6CCDEC4A1B965E21654BE1C5 /* 📦 Check Pods Manifest.lock */ = {
			isa = PBXShellScriptBuildPhase;
			buildActionMask = 2147483647;
			files = (
			);
			inputPaths = (
			);
			name = "📦 Check Pods Manifest.lock";
			outputPaths = (
			);
			runOnlyForDeploymentPostprocessing = 0;
			shellPath = /bin/sh;
			shellScript = "diff \"${PODS_ROOT}/../Podfile.lock\" \"${PODS_ROOT}/Manifest.lock\" > /dev/null\nif [[ $? != 0 ]] ; then\n    cat << EOM\nerror: The sandbox is not in sync with the Podfile.lock. Run 'pod install' or update your CocoaPods installation.\nEOM\n    exit 1\nfi\n";
			showEnvVarsInLog = 0;
		};
		854DF1542B991430A4EF6AE0 /* 📦 Copy Pods Resources */ = {
			isa = PBXShellScriptBuildPhase;
			buildActionMask = 2147483647;
			files = (
			);
			inputPaths = (
			);
			name = "📦 Copy Pods Resources";
			outputPaths = (
			);
			runOnlyForDeploymentPostprocessing = 0;
			shellPath = /bin/sh;
			shellScript = "\"${SRCROOT}/Pods/Target Support Files/Pods-CircularStatesView-Example/Pods-CircularStatesView-Example-resources.sh\"\n";
			showEnvVarsInLog = 0;
		};
/* End PBXShellScriptBuildPhase section */

/* Begin PBXSourcesBuildPhase section */
		797369DE1CDBE1C200827973 /* Sources */ = {
			isa = PBXSourcesBuildPhase;
			buildActionMask = 2147483647;
			files = (
				797369E81CDBE1C200827973 /* ViewController.swift in Sources */,
				797369E61CDBE1C200827973 /* AppDelegate.swift in Sources */,
			);
			runOnlyForDeploymentPostprocessing = 0;
		};
/* End PBXSourcesBuildPhase section */

/* Begin PBXVariantGroup section */
		797369E91CDBE1C200827973 /* Main.storyboard */ = {
			isa = PBXVariantGroup;
			children = (
				797369EA1CDBE1C200827973 /* Base */,
			);
			name = Main.storyboard;
			sourceTree = "<group>";
		};
		797369EE1CDBE1C200827973 /* LaunchScreen.storyboard */ = {
			isa = PBXVariantGroup;
			children = (
				797369EF1CDBE1C200827973 /* Base */,
			);
			name = LaunchScreen.storyboard;
			sourceTree = "<group>";
		};
/* End PBXVariantGroup section */

/* Begin XCBuildConfiguration section */
		797369F21CDBE1C200827973 /* Debug */ = {
			isa = XCBuildConfiguration;
			buildSettings = {
				ALWAYS_SEARCH_USER_PATHS = NO;
				CLANG_ANALYZER_NONNULL = YES;
				CLANG_CXX_LANGUAGE_STANDARD = "gnu++0x";
				CLANG_CXX_LIBRARY = "libc++";
				CLANG_ENABLE_MODULES = YES;
				CLANG_ENABLE_OBJC_ARC = YES;
				CLANG_WARN_BOOL_CONVERSION = YES;
				CLANG_WARN_CONSTANT_CONVERSION = YES;
				CLANG_WARN_DIRECT_OBJC_ISA_USAGE = YES_ERROR;
				CLANG_WARN_EMPTY_BODY = YES;
				CLANG_WARN_ENUM_CONVERSION = YES;
				CLANG_WARN_INT_CONVERSION = YES;
				CLANG_WARN_OBJC_ROOT_CLASS = YES_ERROR;
				CLANG_WARN_UNREACHABLE_CODE = YES;
				CLANG_WARN__DUPLICATE_METHOD_MATCH = YES;
				"CODE_SIGN_IDENTITY[sdk=iphoneos*]" = "iPhone Developer";
				COPY_PHASE_STRIP = NO;
				DEBUG_INFORMATION_FORMAT = dwarf;
				ENABLE_STRICT_OBJC_MSGSEND = YES;
				ENABLE_TESTABILITY = YES;
				GCC_C_LANGUAGE_STANDARD = gnu99;
				GCC_DYNAMIC_NO_PIC = NO;
				GCC_NO_COMMON_BLOCKS = YES;
				GCC_OPTIMIZATION_LEVEL = 0;
				GCC_PREPROCESSOR_DEFINITIONS = (
					"DEBUG=1",
					"$(inherited)",
				);
				GCC_WARN_64_TO_32_BIT_CONVERSION = YES;
				GCC_WARN_ABOUT_RETURN_TYPE = YES_ERROR;
				GCC_WARN_UNDECLARED_SELECTOR = YES;
				GCC_WARN_UNINITIALIZED_AUTOS = YES_AGGRESSIVE;
				GCC_WARN_UNUSED_FUNCTION = YES;
				GCC_WARN_UNUSED_VARIABLE = YES;
				IPHONEOS_DEPLOYMENT_TARGET = 9.3;
				MTL_ENABLE_DEBUG_INFO = YES;
				ONLY_ACTIVE_ARCH = YES;
				SDKROOT = iphoneos;
				SWIFT_OPTIMIZATION_LEVEL = "-Onone";
				TARGETED_DEVICE_FAMILY = "1,2";
			};
			name = Debug;
		};
		797369F31CDBE1C200827973 /* Release */ = {
			isa = XCBuildConfiguration;
			buildSettings = {
				ALWAYS_SEARCH_USER_PATHS = NO;
				CLANG_ANALYZER_NONNULL = YES;
				CLANG_CXX_LANGUAGE_STANDARD = "gnu++0x";
				CLANG_CXX_LIBRARY = "libc++";
				CLANG_ENABLE_MODULES = YES;
				CLANG_ENABLE_OBJC_ARC = YES;
				CLANG_WARN_BOOL_CONVERSION = YES;
				CLANG_WARN_CONSTANT_CONVERSION = YES;
				CLANG_WARN_DIRECT_OBJC_ISA_USAGE = YES_ERROR;
				CLANG_WARN_EMPTY_BODY = YES;
				CLANG_WARN_ENUM_CONVERSION = YES;
				CLANG_WARN_INT_CONVERSION = YES;
				CLANG_WARN_OBJC_ROOT_CLASS = YES_ERROR;
				CLANG_WARN_UNREACHABLE_CODE = YES;
				CLANG_WARN__DUPLICATE_METHOD_MATCH = YES;
				"CODE_SIGN_IDENTITY[sdk=iphoneos*]" = "iPhone Developer";
				COPY_PHASE_STRIP = NO;
				DEBUG_INFORMATION_FORMAT = "dwarf-with-dsym";
				ENABLE_NS_ASSERTIONS = NO;
				ENABLE_STRICT_OBJC_MSGSEND = YES;
				GCC_C_LANGUAGE_STANDARD = gnu99;
				GCC_NO_COMMON_BLOCKS = YES;
				GCC_WARN_64_TO_32_BIT_CONVERSION = YES;
				GCC_WARN_ABOUT_RETURN_TYPE = YES_ERROR;
				GCC_WARN_UNDECLARED_SELECTOR = YES;
				GCC_WARN_UNINITIALIZED_AUTOS = YES_AGGRESSIVE;
				GCC_WARN_UNUSED_FUNCTION = YES;
				GCC_WARN_UNUSED_VARIABLE = YES;
				IPHONEOS_DEPLOYMENT_TARGET = 9.3;
				MTL_ENABLE_DEBUG_INFO = NO;
				SDKROOT = iphoneos;
				TARGETED_DEVICE_FAMILY = "1,2";
				VALIDATE_PRODUCT = YES;
			};
			name = Release;
		};
		797369F51CDBE1C200827973 /* Debug */ = {
			isa = XCBuildConfiguration;
			baseConfigurationReference = 4916246C78103DE53248A52C /* Pods-CircularStatesView-Example.debug.xcconfig */;
			buildSettings = {
				ASSETCATALOG_COMPILER_APPICON_NAME = AppIcon;
				INFOPLIST_FILE = "CircularStatesView-Example/Info.plist";
				LD_RUNPATH_SEARCH_PATHS = "$(inherited) @executable_path/Frameworks";
				PRODUCT_BUNDLE_IDENTIFIER = "com.orelmaliah.CircularStatesView.CircularStatesView-Example";
				PRODUCT_NAME = "$(TARGET_NAME)";
			};
			name = Debug;
		};
		797369F61CDBE1C200827973 /* Release */ = {
			isa = XCBuildConfiguration;
			baseConfigurationReference = E35D75EAE8A594FF9510D420 /* Pods-CircularStatesView-Example.release.xcconfig */;
			buildSettings = {
				ASSETCATALOG_COMPILER_APPICON_NAME = AppIcon;
				INFOPLIST_FILE = "CircularStatesView-Example/Info.plist";
				LD_RUNPATH_SEARCH_PATHS = "$(inherited) @executable_path/Frameworks";
				PRODUCT_BUNDLE_IDENTIFIER = "com.orelmaliah.CircularStatesView.CircularStatesView-Example";
				PRODUCT_NAME = "$(TARGET_NAME)";
			};
			name = Release;
		};
/* End XCBuildConfiguration section */

/* Begin XCConfigurationList section */
		797369DD1CDBE1C200827973 /* Build configuration list for PBXProject "CircularStatesView-Example" */ = {
			isa = XCConfigurationList;
			buildConfigurations = (
				797369F21CDBE1C200827973 /* Debug */,
				797369F31CDBE1C200827973 /* Release */,
			);
			defaultConfigurationIsVisible = 0;
			defaultConfigurationName = Release;
		};
		797369F41CDBE1C200827973 /* Build configuration list for PBXNativeTarget "CircularStatesView-Example" */ = {
			isa = XCConfigurationList;
			buildConfigurations = (
				797369F51CDBE1C200827973 /* Debug */,
				797369F61CDBE1C200827973 /* Release */,
			);
			defaultConfigurationIsVisible = 0;
			defaultConfigurationName = Release;
		};
/* End XCConfigurationList section */
	};
	rootObject = 797369DA1CDBE1C200827973 /* Project object */;
}
